{
  "name": "template-method-homework",
  "version": "1.0.0",
  "lockfileVersion": 3,
  "requires": true,
  "packages": {
    "": {
      "name": "template-method-homework",
      "version": "1.0.0",
      "license": "ISC",
      "dependencies": {
        "@types/node": "^20.3.1",
        "typescript": "^5.1.3"
      },
      "devDependencies": {
        "better-typescript-lib": "^2.4.0"
      }
    },
    "node_modules/@types/node": {
      "version": "20.3.1",
      "resolved": "https://registry.npmjs.org/@types/node/-/node-20.3.1.tgz",
      "integrity": "sha512-EhcH/wvidPy1WeML3TtYFGR83UzjxeWRen9V402T8aUGYsCHOmfoisV3ZSg03gAFIbLq8TnWOJ0f4cALtnSEUg=="
    },
    "node_modules/@typescript/lib-decorators": {
      "name": "@better-typescript-lib/decorators",
      "version": "2.4.0",
      "resolved": "https://registry.npmjs.org/@better-typescript-lib/decorators/-/decorators-2.4.0.tgz",
      "integrity": "sha512-phg1WNdqwgNR0SOZksvWUQh+ihAO6BJfyBR7aZuiQ774tI1CD79JjVyrsrf5A9bEeNV98kzvbUfzRpufrVzanw==",
      "dev": true,
      "peerDependencies": {
        "typescript": ">=4.5.2"
      }
    },
    "node_modules/@typescript/lib-dom": {
      "name": "@better-typescript-lib/dom",
      "version": "2.4.0",
      "resolved": "https://registry.npmjs.org/@better-typescript-lib/dom/-/dom-2.4.0.tgz",
      "integrity": "sha512-dbsU1nxiI4vd+um2Rjow0VC17wb8Y8bH3Nohu+UA8OMLWvPpQ+OVwmS1O/nSH/yd3Tdrw9t5Es1giYHa1aj03w==",
      "dev": true,
      "peerDependencies": {
        "typescript": ">=4.5.2"
      }
    },
    "node_modules/@typescript/lib-es2015": {
      "name": "@better-typescript-lib/es2015",
      "version": "2.4.0",
      "resolved": "https://registry.npmjs.org/@better-typescript-lib/es2015/-/es2015-2.4.0.tgz",
      "integrity": "sha512-Fca8305Qa7M78+kK3ocUvyRW3f4G5impperBZvfEgxkLN84UwamcgDCVFPfl3NsGijfZz2TeLPEBHBMeEDy2hQ==",
      "dev": true,
      "peerDependencies": {
        "typescript": ">=4.5.2"
      }
    },
    "node_modules/@typescript/lib-es2016": {
      "name": "@better-typescript-lib/es2016",
      "version": "2.4.0",
      "resolved": "https://registry.npmjs.org/@better-typescript-lib/es2016/-/es2016-2.4.0.tgz",
      "integrity": "sha512-4UTjc8g/miAN7DK70URgeBm4hqPnDxzdA6Ov7j2u004w5AiZpZWjoJUg61QcMtmAqRPocI8H39jBYpLu9ssNsw==",
      "dev": true,
      "peerDependencies": {
        "typescript": ">=4.5.2"
      }
    },
    "node_modules/@typescript/lib-es2017": {
      "name": "@better-typescript-lib/es2017",
      "version": "2.4.0",
      "resolved": "https://registry.npmjs.org/@better-typescript-lib/es2017/-/es2017-2.4.0.tgz",
      "integrity": "sha512-Q9rInvoShqBWh6cDfdcLA/Pp9Y8WH52wUBx7TygklLvUw++JsfA4EoybVqfGwU6Dlkfx4Q8J7/EpUolIEyQEqw==",
      "dev": true,
      "peerDependencies": {
        "typescript": ">=4.5.2"
      }
    },
    "node_modules/@typescript/lib-es2018": {
      "name": "@better-typescript-lib/es2018",
      "version": "2.4.0",
      "resolved": "https://registry.npmjs.org/@better-typescript-lib/es2018/-/es2018-2.4.0.tgz",
      "integrity": "sha512-HzqqRAX5yMs6J7SjoWzbqLdkq6xuSBsPc5wmiF6jkJVQLgllLbRVi+6R8T0HAKOUL59f+3qqpHTldRJW5K2Wnw==",
      "dev": true,
      "peerDependencies": {
        "typescript": ">=4.5.2"
      }
    },
    "node_modules/@typescript/lib-es2019": {
      "name": "@better-typescript-lib/es2019",
      "version": "2.4.0",
      "resolved": "https://registry.npmjs.org/@better-typescript-lib/es2019/-/es2019-2.4.0.tgz",
      "integrity": "sha512-AsdRLaO7+1JaBxbh6kXO2H30j96/6/1RP6/pqStLGNtxxME9n6Z1heZFIyQEKYyAI6+ZjBqy0zsaCClGgSOo/A==",
      "dev": true,
      "peerDependencies": {
        "typescript": ">=4.5.2"
      }
    },
    "node_modules/@typescript/lib-es2020": {
      "name": "@better-typescript-lib/es2020",
      "version": "2.4.0",
      "resolved": "https://registry.npmjs.org/@better-typescript-lib/es2020/-/es2020-2.4.0.tgz",
      "integrity": "sha512-Oi4rsoEpIQMPELcw+k6DslY9VrPognLcqJRM8sMcEDZyQQidCSJIjmMHSB33AoWUbz2g7DG+XrQqNV4SKaRMiQ==",
      "dev": true,
      "peerDependencies": {
        "typescript": ">=4.5.2"
      }
    },
    "node_modules/@typescript/lib-es2021": {
      "name": "@better-typescript-lib/es2021",
      "version": "2.4.0",
      "resolved": "https://registry.npmjs.org/@better-typescript-lib/es2021/-/es2021-2.4.0.tgz",
      "integrity": "sha512-YMW/CJnyldgzFkB03FC0x1WTkIow9J0uIm5EawbUT+uJe5qV8ReOJmy0a7dWaCOkfgdSQsY4bcmnrSiYqnltXA==",
      "dev": true,
      "peerDependencies": {
        "typescript": ">=4.5.2"
      }
    },
    "node_modules/@typescript/lib-es2022": {
      "name": "@better-typescript-lib/es2022",
      "version": "2.4.0",
      "resolved": "https://registry.npmjs.org/@better-typescript-lib/es2022/-/es2022-2.4.0.tgz",
      "integrity": "sha512-JOZCvCFNS/dnAHRC+uevby2+GKtfBp0EMS4aSVV4isoPFBoN7zgR0yBYazuxG3V6J6Msv8k1QoKs5ECnDl0PGw==",
      "dev": true,
      "peerDependencies": {
        "typescript": ">=4.5.2"
      }
    },
    "node_modules/@typescript/lib-es2023": {
      "name": "@better-typescript-lib/es2023",
      "version": "2.4.0",
      "resolved": "https://registry.npmjs.org/@better-typescript-lib/es2023/-/es2023-2.4.0.tgz",
      "integrity": "sha512-h5J/CNbuScHZxETfJr8QemkKVPtFOO9ZrJbvXrJfsIWXYh0o5My3jr/qxcP/psTZY7i0Hp+Yd/4Fp7o6LskPlg==",
      "dev": true,
      "peerDependencies": {
        "typescript": ">=4.5.2"
      }
    },
    "node_modules/@typescript/lib-es5": {
      "name": "@better-typescript-lib/es5",
      "version": "2.4.0",
      "resolved": "https://registry.npmjs.org/@better-typescript-lib/es5/-/es5-2.4.0.tgz",
      "integrity": "sha512-jGRqmPxrDcPY+xo7FaOEJdM/Q7c1rCxWSp3ts9UuUvjLeOcl31agJaJFvckKi3ewzHL61MZPrpiWLIJOU5wjCw==",
      "dev": true,
      "peerDependencies": {
        "typescript": ">=4.5.2"
      }
    },
    "node_modules/@typescript/lib-es6": {
      "name": "@better-typescript-lib/es6",
      "version": "2.4.0",
      "resolved": "https://registry.npmjs.org/@better-typescript-lib/es6/-/es6-2.4.0.tgz",
      "integrity": "sha512-elsjOkPljXbGcZFVyRPoJIeG3G8rHaXi7YLeD0OryyzvyfikbUH7Xzv2dy04ZCZ4XTZ5GykRCrzVQ9TS5OIKPw==",
      "dev": true,
      "peerDependencies": {
        "typescript": ">=4.5.2"
      }
    },
    "node_modules/@typescript/lib-esnext": {
      "name": "@better-typescript-lib/esnext",
      "version": "2.4.0",
      "resolved": "https://registry.npmjs.org/@better-typescript-lib/esnext/-/esnext-2.4.0.tgz",
      "integrity": "sha512-IApFRGRoU8yTm7RLdZtncFlnHD/quYQcxd9p5lvQkMW+wZgmsOyM78L75h00UrDWPQf9Gojx7/SFdRXm6lNE9Q==",
      "dev": true,
      "peerDependencies": {
        "typescript": ">=4.5.2"
      }
    },
    "node_modules/@typescript/lib-scripthost": {
      "name": "@better-typescript-lib/scripthost",
      "version": "2.4.0",
      "resolved": "https://registry.npmjs.org/@better-typescript-lib/scripthost/-/scripthost-2.4.0.tgz",
      "integrity": "sha512-OjxKeO8+1jKQEkbzlXlcOv3io6B+cJ6IB93zSzKw8sl3uqBN1IWonUBeoK96XL1tNzV1m8eEgAikMtSWt2m/HA==",
      "dev": true,
      "peerDependencies": {
        "typescript": ">=4.5.2"
      }
    },
    "node_modules/@typescript/lib-webworker": {
      "name": "@better-typescript-lib/webworker",
      "version": "2.4.0",
      "resolved": "https://registry.npmjs.org/@better-typescript-lib/webworker/-/webworker-2.4.0.tgz",
      "integrity": "sha512-1B0UDJhBP2MkJfNmiH838sEfHgleL1R5HRLiRU1xzxMogmofs61scdZ5oAXL1wQ6r3+RvWXt0xZv9fJZQZAYpg==",
      "dev": true,
      "peerDependencies": {
        "typescript": ">=4.5.2"
      }
    },
    "node_modules/better-typescript-lib": {
      "version": "2.4.0",
      "resolved": "https://registry.npmjs.org/better-typescript-lib/-/better-typescript-lib-2.4.0.tgz",
      "integrity": "sha512-LMFX7HPN5qlJiW5IlJiicTT2XcJJ8wRTq3D1YinmZzqNQ0lKX409EK+4cmkuMZTkfyZXBxOca29zvZwIGt9Q3Q==",
      "dev": true,
      "dependencies": {
        "@typescript/lib-decorators": "npm:@better-typescript-lib/decorators@2.4.0",
        "@typescript/lib-dom": "npm:@better-typescript-lib/dom@2.4.0",
        "@typescript/lib-es2015": "npm:@better-typescript-lib/es2015@2.4.0",
        "@typescript/lib-es2016": "npm:@better-typescript-lib/es2016@2.4.0",
        "@typescript/lib-es2017": "npm:@better-typescript-lib/es2017@2.4.0",
        "@typescript/lib-es2018": "npm:@better-typescript-lib/es2018@2.4.0",
        "@typescript/lib-es2019": "npm:@better-typescript-lib/es2019@2.4.0",
        "@typescript/lib-es2020": "npm:@better-typescript-lib/es2020@2.4.0",
        "@typescript/lib-es2021": "npm:@better-typescript-lib/es2021@2.4.0",
        "@typescript/lib-es2022": "npm:@better-typescript-lib/es2022@2.4.0",
        "@typescript/lib-es2023": "npm:@better-typescript-lib/es2023@2.4.0",
        "@typescript/lib-es5": "npm:@better-typescript-lib/es5@2.4.0",
        "@typescript/lib-es6": "npm:@better-typescript-lib/es6@2.4.0",
        "@typescript/lib-esnext": "npm:@better-typescript-lib/esnext@2.4.0",
        "@typescript/lib-scripthost": "npm:@better-typescript-lib/scripthost@2.4.0",
        "@typescript/lib-webworker": "npm:@better-typescript-lib/webworker@2.4.0"
      },
      "peerDependencies": {
        "typescript": ">=4.5.2"
      }
    },
    "node_modules/typescript": {
      "version": "5.1.3",
      "resolved": "https://registry.npmjs.org/typescript/-/typescript-5.1.3.tgz",
      "integrity": "sha512-XH627E9vkeqhlZFQuL+UsyAXEnibT0kWR2FWONlr4sTjvxyJYnyefgrkyECLzM5NenmKzRAy2rR/OlYLA1HkZw==",
      "bin": {
        "tsc": "bin/tsc",
        "tsserver": "bin/tsserver"
      },
      "engines": {
        "node": ">=14.17"
      }
    }
  }
}
